
Microsoft Visual Studio Solution File, Format Version 12.00
# Visual Studio 14
VisualStudioVersion = 14.0.23107.0
MinimumVisualStudioVersion = 10.0.40219.1
Project("{2150E333-8FDC-42A3-9474-1A3956D46DE8}") = "src", "src", "{DF8BFE12-F395-405C-994D-2FA035A4C08C}"
EndProject
Project("{2150E333-8FDC-42A3-9474-1A3956D46DE8}") = "Solution Items", "Solution Items", "{3146D8B5-8736-4FFF-BAD8-1A83F1905558}"
	ProjectSection(SolutionItems) = preProject
		global.json = global.json
	EndProjectSection
EndProject
Project("{8BB2217D-0F2D-49D1-97BC-3654ED321F3B}") = "Falcor.Server", "Falcor.Server\Falcor.Server.xproj", "{FE48A3B6-F3CA-4C18-874A-BEB3DD2501D2}"
EndProject
Project("{8BB2217D-0F2D-49D1-97BC-3654ED321F3B}") = "Falcor.Server.Tests", "Falcor.Server.Tests\Falcor.Server.Tests.xproj", "{0ED0FA85-2E9B-465A-A4E4-A4EB32D45E6C}"
EndProject
Project("{8BB2217D-0F2D-49D1-97BC-3654ED321F3B}") = "Falcor.Server.AspNet", "Falcor.Server.AspNet\Falcor.Server.AspNet.xproj", "{A8AAAD70-2DF7-4881-B715-B35B6FCB18C7}"
EndProject
Global
	GlobalSection(SolutionConfigurationPlatforms) = preSolution
		Debug|Any CPU = Debug|Any CPU
		Release|Any CPU = Release|Any CPU
	EndGlobalSection
	GlobalSection(ProjectConfigurationPlatforms) = postSolution
		{FE48A3B6-F3CA-4C18-874A-BEB3DD2501D2}.Debug|Any CPU.ActiveCfg = Debug|Any CPU
		{FE48A3B6-F3CA-4C18-874A-BEB3DD2501D2}.Debug|Any CPU.Build.0 = Debug|Any CPU
		{FE48A3B6-F3CA-4C18-874A-BEB3DD2501D2}.Release|Any CPU.ActiveCfg = Release|Any CPU
		{FE48A3B6-F3CA-4C18-874A-BEB3DD2501D2}.Release|Any CPU.Build.0 = Release|Any CPU
		{0ED0FA85-2E9B-465A-A4E4-A4EB32D45E6C}.Debug|Any CPU.ActiveCfg = Debug|Any CPU
		{0ED0FA85-2E9B-465A-A4E4-A4EB32D45E6C}.Debug|Any CPU.Build.0 = Debug|Any CPU
		{0ED0FA85-2E9B-465A-A4E4-A4EB32D45E6C}.Release|Any CPU.ActiveCfg = Release|Any CPU
		{0ED0FA85-2E9B-465A-A4E4-A4EB32D45E6C}.Release|Any CPU.Build.0 = Release|Any CPU
		{A8AAAD70-2DF7-4881-B715-B35B6FCB18C7}.Debug|Any CPU.ActiveCfg = Debug|Any CPU
		{A8AAAD70-2DF7-4881-B715-B35B6FCB18C7}.Debug|Any CPU.Build.0 = Debug|Any CPU
		{A8AAAD70-2DF7-4881-B715-B35B6FCB18C7}.Release|Any CPU.ActiveCfg = Release|Any CPU
		{A8AAAD70-2DF7-4881-B715-B35B6FCB18C7}.Release|Any CPU.Build.0 = Release|Any CPU
	EndGlobalSection
	GlobalSection(SolutionProperties) = preSolution
		HideSolutionNode = FALSE
	EndGlobalSection
	GlobalSection(NestedProjects) = preSolution
		{FE48A3B6-F3CA-4C18-874A-BEB3DD2501D2} = {DF8BFE12-F395-405C-994D-2FA035A4C08C}
		{0ED0FA85-2E9B-465A-A4E4-A4EB32D45E6C} = {DF8BFE12-F395-405C-994D-2FA035A4C08C}
		{A8AAAD70-2DF7-4881-B715-B35B6FCB18C7} = {DF8BFE12-F395-405C-994D-2FA035A4C08C}
	EndGlobalSection
EndGlobal
